schema: '2.0'
stages:
  parse:
    cmd: bash scripts/dvc_python.sh scripts/parse.py --state PA --locality 
      Philadelphia --code-slug municipal-code
    deps:
    - path: data/laws/PA/Philadelphia/municipal-code/raw
      hash: md5
      md5: b8d1df6b76793d221a5c1926241b9e3e.dir
      size: 23142398
      nfiles: 1
    - path: scripts/dvc_python.sh
      hash: md5
      md5: ca9ff3dd32dde8629d278d3c3457c830
      size: 1912
    - path: scripts/parse.py
      hash: md5
      md5: c702515e8f681bc6163fc033787cfcc7
      size: 1111
    - path: src/legiscope/parse
      hash: md5
      md5: 75a6eb54c59b828febf742165329e6e5.dir
      size: 297077
      nfiles: 14
    - path: tmp/validate_import.ok
      hash: md5
      md5: eff5bc1ef8ec9d03e640fc4370f5eacd
      size: 3
    params:
      params.yaml:
        jurisdiction:
          state: PA
          locality: Philadelphia
          code_slug: municipal-code
          code_name: Philadelphia Municipal Code
        llm:
          default_provider: openai
          providers:
            openai:
              fast: Qwen/Qwen3.5-27B
              powerful: Qwen/Qwen3.5-27B
            mistral:
              fast: mistral-small-2506
              powerful: mistral-large-2512
            ollama:
              fast: gemma3:4b
              powerful: gemma3:4b
              num_ctx: 4096
          temperature: 0.0
          max_retries: 3
          timeout: 500
    outs:
    - path: data/laws/PA/Philadelphia/municipal-code/code.md
      hash: md5
      md5: 04cbf7f4611d4aa5b464a202c6dcf90b
      size: 9358927
    - path: data/laws/PA/Philadelphia/municipal-code/heading_scan_debug.json
      hash: md5
      md5: 46827e84cfde06a17a66f5bdb734fd39
      size: 12115
    - path: data/laws/PA/Philadelphia/municipal-code/headings.parquet
      hash: md5
      md5: 6363f05a5f57f37dc417d1348560b64d
      size: 150544
    - path: data/laws/PA/Philadelphia/municipal-code/regions.parquet
      hash: md5
      md5: d3a038598091295d508f87e0f79bccf8
      size: 74909
  segment:
    cmd: bash scripts/dvc_python.sh scripts/segment.py --state PA --locality 
      Philadelphia --code-slug municipal-code
    deps:
    - path: data/laws/PA/Philadelphia/municipal-code/code.md
      hash: md5
      md5: 04cbf7f4611d4aa5b464a202c6dcf90b
      size: 9358927
    - path: data/laws/PA/Philadelphia/municipal-code/headings.parquet
      hash: md5
      md5: 6363f05a5f57f37dc417d1348560b64d
      size: 150544
    - path: data/laws/PA/Philadelphia/municipal-code/regions.parquet
      hash: md5
      md5: d3a038598091295d508f87e0f79bccf8
      size: 74909
    - path: scripts/dvc_python.sh
      hash: md5
      md5: ca9ff3dd32dde8629d278d3c3457c830
      size: 1912
    - path: scripts/segment.py
      hash: md5
      md5: dc1c52cac2d96ce0c0839327fc8a2a96
      size: 1717
    - path: src/legiscope/segment.py
      hash: md5
      md5: 7a77d58b2bafc56f47d4304687b2aa69
      size: 68371
    params:
      params.yaml:
        jurisdiction:
          state: PA
          locality: Philadelphia
          code_slug: municipal-code
          code_name: Philadelphia Municipal Code
        segmentation:
          embedding_model_token_limit: 1024
          llm_context_limit: 36864
    outs:
    - path: data/laws/PA/Philadelphia/municipal-code/chunks.parquet
      hash: md5
      md5: a59c7cf8f0fb66ae1e691c5dc9fb7a44
      size: 2077218
    - path: data/laws/PA/Philadelphia/municipal-code/external_references.parquet
      hash: md5
      md5: 61a94b29211d82d0d4dd0bbba2d8735e
      size: 1146
    - path: data/laws/PA/Philadelphia/municipal-code/relations.parquet
      hash: md5
      md5: 8438cdbe094beef79e1782de826157c0
      size: 913
    - path: data/laws/PA/Philadelphia/municipal-code/sections.parquet
      hash: md5
      md5: fac1df1a176c7fbab3b094ad9a52fccf
      size: 2082087
    - path: data/laws/PA/Philadelphia/municipal-code/segments.parquet
      hash: md5
      md5: 31e7774ea536397f7af95a83c6cf83e4
      size: 2148203
  embed:
    cmd: bash scripts/dvc_python.sh scripts/embed.py --state PA --locality 
      Philadelphia --code-slug municipal-code
    deps:
    - path: data/laws/PA/Philadelphia/municipal-code/sections.parquet
      hash: md5
      md5: fac1df1a176c7fbab3b094ad9a52fccf
      size: 2082087
    - path: data/laws/PA/Philadelphia/municipal-code/segments.parquet
      hash: md5
      md5: 31e7774ea536397f7af95a83c6cf83e4
      size: 2148203
    - path: scripts/dvc_python.sh
      hash: md5
      md5: ca9ff3dd32dde8629d278d3c3457c830
      size: 1912
    - path: scripts/embed.py
      hash: md5
      md5: 6825142bfaec08a1eb19ef407798a4d1
      size: 2544
    - path: src/legiscope/embeddings.py
      hash: md5
      md5: 8d8e6c6fc35553f7556b1976b20d39f5
      size: 60301
    params:
      params.yaml:
        embeddings:
          default_provider: mistral
          chroma_batch_size: 100
          providers:
            mistral:
              model: codestral-embed-2505
              batch_size: 100
            ollama:
              model: embeddinggemma
              batch_size: 1
            openrouter:
              model: qwen/qwen3-embedding-8b
              batch_size: 100
            openai:
              model: text-embedding-3-small
              batch_size: 100
          dtype: float32
        jurisdiction:
          state: PA
          locality: Philadelphia
          code_slug: municipal-code
          code_name: Philadelphia Municipal Code
    outs:
    - path: data/laws/PA/Philadelphia/municipal-code/embeddings.parquet
      hash: md5
      md5: 971cd821544be3cee1e324fc48eb1034
      size: 19921614
  index:
    cmd: bash scripts/dvc_python.sh scripts/index.py --state PA --locality 
      Philadelphia --code-slug municipal-code
    deps:
    - path: data/laws/PA/Philadelphia/municipal-code/embeddings.parquet
      hash: md5
      md5: 971cd821544be3cee1e324fc48eb1034
      size: 19921614
    - path: scripts/dvc_python.sh
      hash: md5
      md5: ca9ff3dd32dde8629d278d3c3457c830
      size: 1912
    - path: scripts/index.py
      hash: md5
      md5: b82d34344694d7f8f5dd8b0e2627bbac
      size: 2951
    - path: src/legiscope/embeddings.py
      hash: md5
      md5: 8d8e6c6fc35553f7556b1976b20d39f5
      size: 60301
    params:
      params.yaml:
        embeddings.default_provider: mistral
        jurisdiction:
          state: PA
          locality: Philadelphia
          code_slug: municipal-code
          code_name: Philadelphia Municipal Code
        retrieval.distance_metric: l2
    outs:
    - path: data/laws/PA/Philadelphia/municipal-code/index.stamp
      hash: md5
      md5: 7d467de49f90d31dbf139a49766d4768
      size: 58
  validate:
    cmd: "bash -c 'bash scripts/dvc_python.sh -c \"import legiscope; print(f\\\"Package
      import works: {legiscope.__file__}\\\")\" && mkdir -p tmp && echo ok > tmp/validate_import.ok'"
    deps:
    - path: pyproject.toml
      hash: md5
      md5: 281105843535089764191cf36093417b
      size: 1269
    - path: scripts/dvc_python.sh
      hash: md5
      md5: ca9ff3dd32dde8629d278d3c3457c830
      size: 1912
    - path: src/legiscope/__init__.py
      hash: md5
      md5: ebe365f9bcb5ddb104483565508e88b7
      size: 2408
    outs:
    - path: tmp/validate_import.ok
      hash: md5
      md5: eff5bc1ef8ec9d03e640fc4370f5eacd
      size: 3
  benchmark:
    cmd: bash scripts/dvc_python.sh coep/scripts/benchmark_pipeline.py --state 
      PA --locality Philadelphia --code-slug municipal-code
    deps:
    - path: coep/data/monqcle_data/Drug_Paraphernalia_Laws_Standard_Report.csv
      hash: md5
      md5: 4894e1808fc491d39e24c4b5ba666887
      size: 851633
    - path: coep/scripts/benchmark_pipeline.py
      hash: md5
      md5: c872eed13a4eb9d9a27dde90aca900f6
      size: 37852
    - path: coep/src/eval.py
      hash: md5
      md5: 19e66b615fd7027b6c4a1925f3960975
      size: 21179
    - path: coep/src/query.py
      hash: md5
      md5: 936c199c5e7c3307a541357f389605eb
      size: 2076
    - path: data/laws/PA/Philadelphia/municipal-code/chunks.parquet
      hash: md5
      md5: a59c7cf8f0fb66ae1e691c5dc9fb7a44
      size: 2077218
    - path: data/laws/PA/Philadelphia/municipal-code/embeddings.parquet
      hash: md5
      md5: 971cd821544be3cee1e324fc48eb1034
      size: 19921614
    - path: data/laws/PA/Philadelphia/municipal-code/index.stamp
      hash: md5
      md5: 7d467de49f90d31dbf139a49766d4768
      size: 58
    - path: data/laws/PA/Philadelphia/municipal-code/sections.parquet
      hash: md5
      md5: fac1df1a176c7fbab3b094ad9a52fccf
      size: 2082087
    - path: data/queries/DPL_queries_with_context.csv
      hash: md5
      md5: 5012fc22efcc75c2d0e27332f48ce6da
      size: 35829
    - path: scripts/dvc_python.sh
      hash: md5
      md5: ca9ff3dd32dde8629d278d3c3457c830
      size: 1912
    - path: src/legiscope/query.py
      hash: md5
      md5: db433c3fb320705c8675409f833e45b0
      size: 129294
    - path: src/legiscope/retrieve.py
      hash: md5
      md5: 4f3eef17153637792008f96cd6dbf82a
      size: 52974
    params:
      params.yaml:
        benchmark:
          series_title: DPL_2025_Consolidated
        jurisdiction:
          state: PA
          locality: Philadelphia
          code_slug: municipal-code
          code_name: Philadelphia Municipal Code
        llm:
          default_provider: openai
          providers:
            openai:
              fast: Qwen/Qwen3.5-27B
              powerful: Qwen/Qwen3.5-27B
            mistral:
              fast: mistral-small-2506
              powerful: mistral-large-2512
            ollama:
              fast: gemma3:4b
              powerful: gemma3:4b
              num_ctx: 4096
          temperature: 0.0
          max_retries: 3
          timeout: 500
        query:
          validation:
            enabled: true
            exact_match_threshold: 1.0
            fuzzy_match_threshold: 0.9
        retrieval:
          n_results: 10
          distance_metric: l2
          debug: true
          lexical_overfetch_factor: 3
          lexical_reranking:
            enabled: false
          hyde:
            enabled: false
          relevance_filter:
            enabled: false
            threshold: 0.7
    outs:
    - path: data/output/PA-Philadelphia/benchmark_metrics.json
      hash: md5
      md5: 4d0efac9e5e9bb240fd81669551d91fc
      size: 677
    - path: data/output/PA-Philadelphia/benchmark_results.csv
      hash: md5
      md5: e7ab1c54f1b37343cc1534b3f2fe043e
      size: 1349802
