schema: '2.0'
stages:
  parse:
    cmd: bash scripts/dvc_python.sh scripts/parse.py --state IN --locality 
      Carmel --code-slug municipal-code
    deps:
    - path: data/laws/IN/Carmel/municipal-code/raw
      hash: md5
      md5: 099371f0c73c97a88b5ecec74ae74cc6.dir
      size: 1076615
      nfiles: 1
    - path: scripts/dvc_python.sh
      hash: md5
      md5: ca9ff3dd32dde8629d278d3c3457c830
      size: 1912
    - path: scripts/parse.py
      hash: md5
      md5: c702515e8f681bc6163fc033787cfcc7
      size: 1111
    - path: src/legiscope/parse
      hash: md5
      md5: 9986af09c9051a9696ebb4ee532d12cc.dir
      size: 302352
      nfiles: 14
    - path: tmp/validate_import.ok
      hash: md5
      md5: eff5bc1ef8ec9d03e640fc4370f5eacd
      size: 3
    params:
      params.yaml:
        jurisdiction:
          state: IN
          locality: Carmel
          code_slug: municipal-code
          code_name: Carmel Municipal Code
        llm:
          default_provider: novita
          source: external
          providers:
            openai:
              fast: Qwen/Qwen3.5-27B
              powerful: Qwen/Qwen3.5-27B
            dashscope:
              fast: deepseek-v4-pro
              powerful: deepseek-v4-pro
            novita:
              fast: qwen/qwen3.7-max
              powerful: qwen/qwen3.7-max
            litellm:
              fast: gemini/gemini-3.5-flash
              powerful: gemini/gemini-3.5-flash
            mistral:
              fast: mistral-medium-3-5
              powerful: mistral-medium-3-5
            ollama:
              fast: gemma3:4b
              powerful: gemma3:4b
              num_ctx: 4096
          temperature: 0.0
          max_retries: 3
          timeout: 1200
    outs:
    - path: data/laws/IN/Carmel/municipal-code/code.md
      hash: md5
      md5: 68f1ee502f74e12241967397930bf607
      size: 2477600
    - path: data/laws/IN/Carmel/municipal-code/headings.parquet
      hash: md5
      md5: 5167b84a570e85d0e3e67fff21b3cb23
      size: 38156
    - path: data/laws/IN/Carmel/municipal-code/regions.parquet
      hash: md5
      md5: 001da83fd691bbce69a50571c13c6191
      size: 11776
    - path: data/output/IN-Carmel/debug/heading_scan_debug.json
      hash: md5
      md5: e3f057edc33d85c239efe2e33e8784e7
      size: 4971
  segment:
    cmd: bash scripts/dvc_python.sh scripts/segment.py --state IN --locality 
      Carmel --code-slug municipal-code
    deps:
    - path: data/laws/IN/Carmel/municipal-code/code.md
      hash: md5
      md5: 68f1ee502f74e12241967397930bf607
      size: 2477600
    - path: data/laws/IN/Carmel/municipal-code/headings.parquet
      hash: md5
      md5: 5167b84a570e85d0e3e67fff21b3cb23
      size: 38156
    - path: data/laws/IN/Carmel/municipal-code/regions.parquet
      hash: md5
      md5: 001da83fd691bbce69a50571c13c6191
      size: 11776
    - path: scripts/dvc_python.sh
      hash: md5
      md5: ca9ff3dd32dde8629d278d3c3457c830
      size: 1912
    - path: scripts/segment.py
      hash: md5
      md5: dc1c52cac2d96ce0c0839327fc8a2a96
      size: 1717
    - path: src/legiscope/segment.py
      hash: md5
      md5: a0a93d4e715a5de7fad59a623d3472c1
      size: 70161
    params:
      params.yaml:
        jurisdiction:
          state: IN
          locality: Carmel
          code_slug: municipal-code
          code_name: Carmel Municipal Code
        segmentation:
          embedding_model_token_limit: 1024
          llm_context_limit: 16385
    outs:
    - path: data/laws/IN/Carmel/municipal-code/chunks.parquet
      hash: md5
      md5: fbb341b4553a6500fe4457aaa82350df
      size: 534272
    - path: data/laws/IN/Carmel/municipal-code/external_references.parquet
      hash: md5
      md5: 61a94b29211d82d0d4dd0bbba2d8735e
      size: 1146
    - path: data/laws/IN/Carmel/municipal-code/relations.parquet
      hash: md5
      md5: 8438cdbe094beef79e1782de826157c0
      size: 913
    - path: data/laws/IN/Carmel/municipal-code/sections.parquet
      hash: md5
      md5: 2a57ac85f1be524713109a8fb3bdd276
      size: 528312
    - path: data/laws/IN/Carmel/municipal-code/segments.parquet
      hash: md5
      md5: c2f1ba03ce3fd6e1b010f7895de0fabc
      size: 543169
  embed:
    cmd: bash scripts/dvc_python.sh scripts/embed.py --state IN --locality 
      Carmel --code-slug municipal-code
    deps:
    - path: data/laws/IN/Carmel/municipal-code/sections.parquet
      hash: md5
      md5: 2a57ac85f1be524713109a8fb3bdd276
      size: 528312
    - path: data/laws/IN/Carmel/municipal-code/segments.parquet
      hash: md5
      md5: c2f1ba03ce3fd6e1b010f7895de0fabc
      size: 543169
    - path: scripts/dvc_python.sh
      hash: md5
      md5: ca9ff3dd32dde8629d278d3c3457c830
      size: 1912
    - path: scripts/embed.py
      hash: md5
      md5: 6825142bfaec08a1eb19ef407798a4d1
      size: 2544
    - path: src/legiscope/embeddings.py
      hash: md5
      md5: f54cbde38342d529d3a390c17d06604a
      size: 62041
    params:
      params.yaml:
        embeddings:
          default_provider: mistral
          chroma_batch_size: 100
          providers:
            mistral:
              model: codestral-embed-2505
              batch_size: 50
            ollama:
              model: embeddinggemma
              batch_size: 1
            openrouter:
              model: qwen/qwen3-embedding-8b
              batch_size: 100
            openai:
              model: text-embedding-3-small
              batch_size: 100
          dtype: float32
        jurisdiction:
          state: IN
          locality: Carmel
          code_slug: municipal-code
          code_name: Carmel Municipal Code
    outs:
    - path: data/laws/IN/Carmel/municipal-code/embeddings.parquet
      hash: md5
      md5: 38e28c93ddb5057263d458d02fd20739
      size: 4320230
  index:
    cmd: bash scripts/dvc_python.sh scripts/index.py --state IN --locality 
      Carmel --code-slug municipal-code
    deps:
    - path: data/laws/IN/Carmel/municipal-code/embeddings.parquet
      hash: md5
      md5: 38e28c93ddb5057263d458d02fd20739
      size: 4320230
    - path: scripts/dvc_python.sh
      hash: md5
      md5: ca9ff3dd32dde8629d278d3c3457c830
      size: 1912
    - path: scripts/index.py
      hash: md5
      md5: b82d34344694d7f8f5dd8b0e2627bbac
      size: 2951
    - path: src/legiscope/embeddings.py
      hash: md5
      md5: f54cbde38342d529d3a390c17d06604a
      size: 62041
    params:
      params.yaml:
        embeddings.default_provider: mistral
        jurisdiction:
          state: IN
          locality: Carmel
          code_slug: municipal-code
          code_name: Carmel Municipal Code
        retrieval.distance_metric: l2
    outs:
    - path: data/laws/IN/Carmel/municipal-code/index.stamp
      hash: md5
      md5: 847912a1d66371227ce99ea6010b0c1b
      size: 57
  validate:
    cmd: "bash -c 'bash scripts/dvc_python.sh -c \"import legiscope; print(f\\\"Package
      import works: {legiscope.__file__}\\\")\" && mkdir -p tmp && echo ok > tmp/validate_import.ok'"
    deps:
    - path: pyproject.toml
      hash: md5
      md5: b743bd914220ca1b0d9d74c0a0efb7fc
      size: 1300
    - path: scripts/dvc_python.sh
      hash: md5
      md5: ca9ff3dd32dde8629d278d3c3457c830
      size: 1912
    - path: src/legiscope/__init__.py
      hash: md5
      md5: ebe365f9bcb5ddb104483565508e88b7
      size: 2408
    outs:
    - path: tmp/validate_import.ok
      hash: md5
      md5: eff5bc1ef8ec9d03e640fc4370f5eacd
      size: 3
  benchmark:
    cmd: bash scripts/dvc_python.sh coep/scripts/benchmark_pipeline.py --state 
      IN --locality Carmel --code-slug municipal-code
    deps:
    - path: coep/data/monqcle_data/Drug_Paraphernalia_Laws_Standard_Report.csv
      hash: md5
      md5: 4894e1808fc491d39e24c4b5ba666887
      size: 851633
    - path: coep/scripts/benchmark_pipeline.py
      hash: md5
      md5: 36a1e7eb663e18b78fe9346bc232321f
      size: 69020
    - path: coep/src/eval.py
      hash: md5
      md5: 20114a8ea357a35c51d4b8c841a6a45c
      size: 28577
    - path: coep/src/query.py
      hash: md5
      md5: e398cdeb1be9ab14cc2277ab2e4aabb3
      size: 2812
    - path: data/laws/IN/Carmel/municipal-code/chunks.parquet
      hash: md5
      md5: fbb341b4553a6500fe4457aaa82350df
      size: 534272
    - path: data/laws/IN/Carmel/municipal-code/embeddings.parquet
      hash: md5
      md5: 38e28c93ddb5057263d458d02fd20739
      size: 4320230
    - path: data/laws/IN/Carmel/municipal-code/index.stamp
      hash: md5
      md5: 847912a1d66371227ce99ea6010b0c1b
      size: 57
    - path: data/laws/IN/Carmel/municipal-code/sections.parquet
      hash: md5
      md5: 2a57ac85f1be524713109a8fb3bdd276
      size: 528312
    - path: data/queries/DPL_queries_with_context.csv
      hash: md5
      md5: 5012fc22efcc75c2d0e27332f48ce6da
      size: 35829
    - path: scripts/dvc_python.sh
      hash: md5
      md5: ca9ff3dd32dde8629d278d3c3457c830
      size: 1912
    - path: src/legiscope/query.py
      hash: md5
      md5: 3b02a0957c59e491e22c0ef5b1e687ee
      size: 365006
    - path: src/legiscope/retrieve.py
      hash: md5
      md5: ca33560f5d9baf504c801b70462ac644
      size: 63306
    params:
      params.yaml:
        benchmark:
          evaluation:
            max_concurrency: 4
        jurisdiction:
          state: IN
          locality: Carmel
          code_slug: municipal-code
          code_name: Carmel Municipal Code
        llm:
          default_provider: novita
          source: external
          providers:
            openai:
              fast: Qwen/Qwen3.5-27B
              powerful: Qwen/Qwen3.5-27B
            dashscope:
              fast: deepseek-v4-pro
              powerful: deepseek-v4-pro
            novita:
              fast: qwen/qwen3.7-max
              powerful: qwen/qwen3.7-max
            litellm:
              fast: gemini/gemini-3.5-flash
              powerful: gemini/gemini-3.5-flash
            mistral:
              fast: mistral-medium-3-5
              powerful: mistral-medium-3-5
            ollama:
              fast: gemma3:4b
              powerful: gemma3:4b
              num_ctx: 4096
          temperature: 0.0
          max_retries: 3
          timeout: 1200
        query:
          validation:
            enabled: true
            exact_match_threshold: 1.0
            fuzzy_match_threshold: 0.9
          review:
            enabled: true
            topics:
            - prohibited_activity
            - penalty
            - exemption_presence
        retrieval:
          n_results: 10
          distance_metric: l2
          debug: true
          lexical_overfetch_factor: 3
          lexical_reranking:
            enabled: false
          hyde:
            enabled: false
          relevance_filter:
            enabled: true
            threshold: 0.5
            max_concurrency: 4
            target_concurrent_prompt_tokens: 16000
            prompt_overhead_tokens: 600
    outs:
    - path: data/output/IN-Carmel/benchmark_metrics.json
      hash: md5
      md5: 2c09d535b8b3d95b3e8c01b19130bf97
      size: 1335
    - path: data/output/IN-Carmel/benchmark_results.csv
      hash: md5
      md5: 077677db7877064d175b5d7932c7c43d
      size: 401330
