schema: '2.0'
stages:
  parse:
    cmd: bash scripts/dvc_python.sh scripts/parse.py --state CA --locality 
      Ontario --code-slug municipal-code
    deps:
    - path: data/laws/CA/Ontario/municipal-code/raw
      hash: md5
      md5: 2a1058b0f5dca6e2adbf68534f8e3d7c.dir
      size: 1156226
      nfiles: 1
    - path: scripts/dvc_python.sh
      hash: md5
      md5: ca9ff3dd32dde8629d278d3c3457c830
      size: 1912
    - path: scripts/parse.py
      hash: md5
      md5: c702515e8f681bc6163fc033787cfcc7
      size: 1111
    - path: src/legiscope/parse
      hash: md5
      md5: 913db4e7671b1dc9c4144eb9998b9d4b.dir
      size: 302010
      nfiles: 14
    - path: tmp/validate_import.ok
      hash: md5
      md5: eff5bc1ef8ec9d03e640fc4370f5eacd
      size: 3
    params:
      params.yaml:
        jurisdiction:
          state: CA
          locality: Ontario
          code_slug: municipal-code
          code_name: Ontario Municipal Code
        llm:
          default_provider: litellm
          source: external
          providers:
            openai:
              fast: Qwen/Qwen3.5-27B
              powerful: Qwen/Qwen3.5-27B
            litellm:
              fast: gemini/gemini-3.1-flash-lite
              powerful: gemini/gemini-3.1-flash-lite
            mistral:
              fast: mistral-small-2506
              powerful: mistral-large-2512
            ollama:
              fast: gemma3:4b
              powerful: gemma3:4b
              num_ctx: 4096
          temperature: 0.0
          max_retries: 3
          timeout: 1200
    outs:
    - path: data/laws/CA/Ontario/municipal-code/code.md
      hash: md5
      md5: b98154770f492901d317e681c8057235
      size: 1920647
    - path: data/laws/CA/Ontario/municipal-code/headings.parquet
      hash: md5
      md5: 523c0beb12b5e7b479b6c79d01f58fe8
      size: 72372
    - path: data/laws/CA/Ontario/municipal-code/regions.parquet
      hash: md5
      md5: 31f28f703265fabe838f32d9fe86fe68
      size: 8174
    - path: data/output/CA-Ontario/debug/heading_scan_debug.json
      hash: md5
      md5: 77d580d3604e844eff4bab09e41b44fd
      size: 111760
  segment:
    cmd: bash scripts/dvc_python.sh scripts/segment.py --state CA --locality 
      Ontario --code-slug municipal-code
    deps:
    - path: data/laws/CA/Ontario/municipal-code/code.md
      hash: md5
      md5: b98154770f492901d317e681c8057235
      size: 1920647
    - path: data/laws/CA/Ontario/municipal-code/headings.parquet
      hash: md5
      md5: 523c0beb12b5e7b479b6c79d01f58fe8
      size: 72372
    - path: data/laws/CA/Ontario/municipal-code/regions.parquet
      hash: md5
      md5: 31f28f703265fabe838f32d9fe86fe68
      size: 8174
    - path: scripts/dvc_python.sh
      hash: md5
      md5: ca9ff3dd32dde8629d278d3c3457c830
      size: 1912
    - path: scripts/segment.py
      hash: md5
      md5: dc1c52cac2d96ce0c0839327fc8a2a96
      size: 1717
    - path: src/legiscope/segment.py
      hash: md5
      md5: a0a93d4e715a5de7fad59a623d3472c1
      size: 70161
    params:
      params.yaml:
        jurisdiction:
          state: CA
          locality: Ontario
          code_slug: municipal-code
          code_name: Ontario Municipal Code
        segmentation:
          embedding_model_token_limit: 1024
          llm_context_limit: 65536
    outs:
    - path: data/laws/CA/Ontario/municipal-code/chunks.parquet
      hash: md5
      md5: 6af938e586775d4356f86a970eb4563c
      size: 516176
    - path: data/laws/CA/Ontario/municipal-code/external_references.parquet
      hash: md5
      md5: 61a94b29211d82d0d4dd0bbba2d8735e
      size: 1146
    - path: data/laws/CA/Ontario/municipal-code/relations.parquet
      hash: md5
      md5: 8438cdbe094beef79e1782de826157c0
      size: 913
    - path: data/laws/CA/Ontario/municipal-code/sections.parquet
      hash: md5
      md5: ae373e2a837253f42ad0ebf8d32b9c2d
      size: 535239
    - path: data/laws/CA/Ontario/municipal-code/segments.parquet
      hash: md5
      md5: 82c222d2e6ec3df7eca7d51b08669f1b
      size: 527464
  embed:
    cmd: bash scripts/dvc_python.sh scripts/embed.py --state CA --locality 
      Ontario --code-slug municipal-code
    deps:
    - path: data/laws/CA/Ontario/municipal-code/sections.parquet
      hash: md5
      md5: ae373e2a837253f42ad0ebf8d32b9c2d
      size: 535239
    - path: data/laws/CA/Ontario/municipal-code/segments.parquet
      hash: md5
      md5: 82c222d2e6ec3df7eca7d51b08669f1b
      size: 527464
    - path: scripts/dvc_python.sh
      hash: md5
      md5: ca9ff3dd32dde8629d278d3c3457c830
      size: 1912
    - path: scripts/embed.py
      hash: md5
      md5: 6825142bfaec08a1eb19ef407798a4d1
      size: 2544
    - path: src/legiscope/embeddings.py
      hash: md5
      md5: f54cbde38342d529d3a390c17d06604a
      size: 62041
    params:
      params.yaml:
        embeddings:
          default_provider: mistral
          chroma_batch_size: 100
          providers:
            mistral:
              model: codestral-embed-2505
              batch_size: 50
            ollama:
              model: embeddinggemma
              batch_size: 1
            openrouter:
              model: qwen/qwen3-embedding-8b
              batch_size: 100
            openai:
              model: text-embedding-3-small
              batch_size: 100
          dtype: float32
        jurisdiction:
          state: CA
          locality: Ontario
          code_slug: municipal-code
          code_name: Ontario Municipal Code
    outs:
    - path: data/laws/CA/Ontario/municipal-code/embeddings.parquet
      hash: md5
      md5: 19107de0213a6651462486fe19faf3e4
      size: 3653289
  index:
    cmd: bash scripts/dvc_python.sh scripts/index.py --state CA --locality 
      Ontario --code-slug municipal-code
    deps:
    - path: data/laws/CA/Ontario/municipal-code/embeddings.parquet
      hash: md5
      md5: 19107de0213a6651462486fe19faf3e4
      size: 3653289
    - path: scripts/dvc_python.sh
      hash: md5
      md5: ca9ff3dd32dde8629d278d3c3457c830
      size: 1912
    - path: scripts/index.py
      hash: md5
      md5: b82d34344694d7f8f5dd8b0e2627bbac
      size: 2951
    - path: src/legiscope/embeddings.py
      hash: md5
      md5: f54cbde38342d529d3a390c17d06604a
      size: 62041
    params:
      params.yaml:
        embeddings.default_provider: mistral
        jurisdiction:
          state: CA
          locality: Ontario
          code_slug: municipal-code
          code_name: Ontario Municipal Code
        retrieval.distance_metric: l2
    outs:
    - path: data/laws/CA/Ontario/municipal-code/index.stamp
      hash: md5
      md5: a65b2714866b8c81976fee7963f597c2
      size: 57
  validate:
    cmd: "bash -c 'bash scripts/dvc_python.sh -c \"import legiscope; print(f\\\"Package
      import works: {legiscope.__file__}\\\")\" && mkdir -p tmp && echo ok > tmp/validate_import.ok'"
    deps:
    - path: pyproject.toml
      hash: md5
      md5: b743bd914220ca1b0d9d74c0a0efb7fc
      size: 1300
    - path: scripts/dvc_python.sh
      hash: md5
      md5: ca9ff3dd32dde8629d278d3c3457c830
      size: 1912
    - path: src/legiscope/__init__.py
      hash: md5
      md5: ebe365f9bcb5ddb104483565508e88b7
      size: 2408
    outs:
    - path: tmp/validate_import.ok
      hash: md5
      md5: eff5bc1ef8ec9d03e640fc4370f5eacd
      size: 3
  benchmark:
    cmd: bash scripts/dvc_python.sh coep/scripts/benchmark_pipeline.py --state 
      CA --locality Ontario --code-slug municipal-code
    deps:
    - path: coep/data/monqcle_data/Drug_Paraphernalia_Laws_Standard_Report.csv
      hash: md5
      md5: 4894e1808fc491d39e24c4b5ba666887
      size: 851633
    - path: coep/scripts/benchmark_pipeline.py
      hash: md5
      md5: da88a35ca54e97e6fc24dcb9e20cb725
      size: 68476
    - path: coep/src/eval.py
      hash: md5
      md5: 80eca390d4d4a12e05fe27af2cf7c6a7
      size: 28471
    - path: coep/src/query.py
      hash: md5
      md5: e398cdeb1be9ab14cc2277ab2e4aabb3
      size: 2812
    - path: data/laws/CA/Ontario/municipal-code/chunks.parquet
      hash: md5
      md5: 6af938e586775d4356f86a970eb4563c
      size: 516176
    - path: data/laws/CA/Ontario/municipal-code/embeddings.parquet
      hash: md5
      md5: 19107de0213a6651462486fe19faf3e4
      size: 3653289
    - path: data/laws/CA/Ontario/municipal-code/index.stamp
      hash: md5
      md5: a65b2714866b8c81976fee7963f597c2
      size: 57
    - path: data/laws/CA/Ontario/municipal-code/sections.parquet
      hash: md5
      md5: ae373e2a837253f42ad0ebf8d32b9c2d
      size: 535239
    - path: data/queries/DPL_queries_with_context.csv
      hash: md5
      md5: 5012fc22efcc75c2d0e27332f48ce6da
      size: 35829
    - path: scripts/dvc_python.sh
      hash: md5
      md5: ca9ff3dd32dde8629d278d3c3457c830
      size: 1912
    - path: src/legiscope/query.py
      hash: md5
      md5: cb41fa4c5e9fdbc91aafd6e1a69e73ef
      size: 323499
    - path: src/legiscope/retrieve.py
      hash: md5
      md5: 087d052044f720a2958c4be8b58ce2b2
      size: 63087
    params:
      params.yaml:
        benchmark:
          evaluation:
            max_concurrency: 4
        jurisdiction:
          state: CA
          locality: Ontario
          code_slug: municipal-code
          code_name: Ontario Municipal Code
        llm:
          default_provider: litellm
          source: external
          providers:
            openai:
              fast: Qwen/Qwen3.5-27B
              powerful: Qwen/Qwen3.5-27B
            litellm:
              fast: gemini/gemini-3.1-flash-lite
              powerful: gemini/gemini-3.1-flash-lite
            mistral:
              fast: mistral-small-2506
              powerful: mistral-large-2512
            ollama:
              fast: gemma3:4b
              powerful: gemma3:4b
              num_ctx: 4096
          temperature: 0.0
          max_retries: 3
          timeout: 1200
        query:
          validation:
            enabled: true
            exact_match_threshold: 1.0
            fuzzy_match_threshold: 0.9
          review:
            enabled: true
            topics:
            - prohibited_activity
            - penalty
            - exemption_presence
        retrieval:
          n_results: 10
          distance_metric: l2
          debug: true
          lexical_overfetch_factor: 3
          lexical_reranking:
            enabled: false
          hyde:
            enabled: false
          relevance_filter:
            enabled: true
            threshold: 0.6
            max_concurrency: 4
            target_concurrent_prompt_tokens: 16000
            prompt_overhead_tokens: 600
    outs:
    - path: data/output/CA-Ontario/benchmark_metrics.json
      hash: md5
      md5: 864d1793035dca0e963e9ecebb4a3f66
      size: 1247
    - path: data/output/CA-Ontario/benchmark_results.csv
      hash: md5
      md5: d567bad8efbcfabd80fc6bfee0c02011
      size: 410747
